
Microsoft Visual Studio Solution File, Format Version 12.00
# Visual Studio Version 16
VisualStudioVersion = 16.0.31702.278
MinimumVisualStudioVersion = 10.0.40219.1
Project("{FAE04EC0-301F-11D3-BF4B-00C04F79EFBC}") = "Lab2_Gulevaty", "Lab2_Gulevaty\Lab2_Gulevaty.csproj", "{CAC36B08-553E-4AF8-AFBF-8EE4D1FA036A}"
EndProject
Global
	GlobalSection(SolutionConfigurationPlatforms) = preSolution
		Debug|Any CPU = Debug|Any CPU
		Release|Any CPU = Release|Any CPU
	EndGlobalSection
	GlobalSection(ProjectConfigurationPlatforms) = postSolution
		{CAC36B08-553E-4AF8-AFBF-8EE4D1FA036A}.Debug|Any CPU.ActiveCfg = Debug|Any CPU
		{CAC36B08-553E-4AF8-AFBF-8EE4D1FA036A}.Debug|Any CPU.Build.0 = Debug|Any CPU
		{CAC36B08-553E-4AF8-AFBF-8EE4D1FA036A}.Release|Any CPU.ActiveCfg = Release|Any CPU
		{CAC36B08-553E-4AF8-AFBF-8EE4D1FA036A}.Release|Any CPU.Build.0 = Release|Any CPU
	EndGlobalSection
	GlobalSection(SolutionProperties) = preSolution
		HideSolutionNode = FALSE
	EndGlobalSection
	GlobalSection(ExtensibilityGlobals) = postSolution
		SolutionGuid = {CC04BC2A-551A-4E57-A8DC-1250080D1192}
	EndGlobalSection
EndGlobal
